
Microsoft Visual Studio Solution File, Format Version 12.00
# Visual Studio Version 17
VisualStudioVersion = 17.6.33829.357
MinimumVisualStudioVersion = 10.0.40219.1
Project("{9A19103F-16F7-4668-BE54-9A1E7A4F7556}") = "Fintrak.Host.ServicePortal2.0", "Fintrak.Host.ServicePortal2.0\Fintrak.Host.ServicePortal2.0.csproj", "{F8447202-EAB3-4548-AF2D-A4F5491A5485}"
EndProject
Project("{2150E333-8FDC-42A3-9474-1A3956D46DE8}") = "Model", "Model", "{11E7DF84-F569-431D-A71C-4DDC7B1016A5}"
EndProject
Project("{2150E333-8FDC-42A3-9474-1A3956D46DE8}") = "Shared", "Shared", "{01B5B89F-60B3-4DE2-B24F-182FDE50E6B4}"
EndProject
Project("{2150E333-8FDC-42A3-9474-1A3956D46DE8}") = "Data", "Data", "{A5C08D44-D36C-4A7D-99E1-075610B7A858}"
EndProject
Project("{2150E333-8FDC-42A3-9474-1A3956D46DE8}") = "Service", "Service", "{CD094D0D-D7D3-4729-9EFC-6A7EA8BF0304}"
EndProject
Project("{2150E333-8FDC-42A3-9474-1A3956D46DE8}") = "IFRS", "IFRS", "{01F39AFB-DB6C-4C2A-8D41-C6F0B7B47C84}"
EndProject
Project("{2150E333-8FDC-42A3-9474-1A3956D46DE8}") = "Core", "Core", "{77E0E1F0-5834-43F2-81A8-DBF248510A14}"
EndProject
Project("{2150E333-8FDC-42A3-9474-1A3956D46DE8}") = "SystemCore", "SystemCore", "{943C747B-8048-408A-96DC-61EBDAA5C10E}"
EndProject
Project("{2150E333-8FDC-42A3-9474-1A3956D46DE8}") = "Basic", "Basic", "{D2BDE7F3-B816-4B22-B6D0-77A040A9502F}"
EndProject
Project("{2150E333-8FDC-42A3-9474-1A3956D46DE8}") = "Core", "Core", "{D5CC5CF6-DE3A-44C2-AF35-B0216EE18DCF}"
EndProject
Project("{2150E333-8FDC-42A3-9474-1A3956D46DE8}") = "IFRS", "IFRS", "{56747B08-13EF-4EF9-99E2-B0BB90BBDB51}"
EndProject
Project("{2150E333-8FDC-42A3-9474-1A3956D46DE8}") = "SystemCore", "SystemCore", "{061C1957-9DF8-4749-8897-49DE86599A40}"
EndProject
Project("{2150E333-8FDC-42A3-9474-1A3956D46DE8}") = "Basic", "Basic", "{FCC81AA1-88DF-4ECC-8EC5-F37B95042951}"
EndProject
Project("{2150E333-8FDC-42A3-9474-1A3956D46DE8}") = "Core", "Core", "{732100E3-1817-406A-B037-687DA4CC9B78}"
EndProject
Project("{2150E333-8FDC-42A3-9474-1A3956D46DE8}") = "IFRS", "IFRS", "{B0268097-D67D-4BDA-9ED8-B77BF41C1AB2}"
EndProject
Project("{2150E333-8FDC-42A3-9474-1A3956D46DE8}") = "SystemCore", "SystemCore", "{0D088D66-370B-46AA-B5BA-5B13B0A8FF42}"
EndProject
Project("{9A19103F-16F7-4668-BE54-9A1E7A4F7556}") = "Fintrak.Shared.Common", "Fintrak.Shared.Common\Fintrak.Shared.Common.csproj", "{7D91EEF7-B959-4C7E-B867-5C3B4939FF54}"
EndProject
Project("{9A19103F-16F7-4668-BE54-9A1E7A4F7556}") = "Fintrak.Model.SystemCore", "Fintrak.Model.SystemCore\Fintrak.Model.SystemCore.csproj", "{1C712381-88E8-4448-B6E0-9260EBF75784}"
EndProject
Project("{9A19103F-16F7-4668-BE54-9A1E7A4F7556}") = "Fintrak.Data.SystemCore", "Fintrak.Data.SystemCore\Fintrak.Data.SystemCore.csproj", "{E176B387-6471-4A48-A41F-A6D6FC9DE135}"
EndProject
Project("{9A19103F-16F7-4668-BE54-9A1E7A4F7556}") = "Fintrak.Service.SystemCore", "Fintrak.Service.SystemCore\Fintrak.Service.SystemCore.csproj", "{74EF49A2-67BF-4201-B6DE-A5CA024E8243}"
EndProject
Project("{9A19103F-16F7-4668-BE54-9A1E7A4F7556}") = "Fintrak.Service.SystemCore.Interface", "Fintrak.Service.SystemCore.Interface\Fintrak.Service.SystemCore.Interface.csproj", "{6FA88587-7DF3-4381-B1D1-447969FE55DF}"
EndProject
Project("{9A19103F-16F7-4668-BE54-9A1E7A4F7556}") = "Fintrak.Data.SystemCore.Interface", "Fintrak.Data.SystemCore.Interface\Fintrak.Data.SystemCore.Interface.csproj", "{B70A151A-CCF2-463D-86FE-D4ABDE550B41}"
EndProject
Project("{9A19103F-16F7-4668-BE54-9A1E7A4F7556}") = "Fintrak.Model.Core", "Fintrak.Model.Core\Fintrak.Model.Core.csproj", "{2A98FEA7-89C0-4E2A-9568-FFAEDCF05252}"
EndProject
Project("{9A19103F-16F7-4668-BE54-9A1E7A4F7556}") = "Fintrak.Data.Core", "Fintrak.Data.Core\Fintrak.Data.Core.csproj", "{7965E81D-EA4F-43C2-8DA4-26B2998196F9}"
EndProject
Project("{9A19103F-16F7-4668-BE54-9A1E7A4F7556}") = "AuditManager", "AuditManager\AuditManager.csproj", "{79BFE652-C091-411B-BEB2-97919E3AFEE9}"
EndProject
Project("{9A19103F-16F7-4668-BE54-9A1E7A4F7556}") = "Fintrak.Data.Core.Interface", "Fintrak.Data.Core.Interface\Fintrak.Data.Core.Interface.csproj", "{54BA1374-0478-4DAC-852D-548C04A9872E}"
EndProject
Project("{9A19103F-16F7-4668-BE54-9A1E7A4F7556}") = "Fintrak.Service.Core", "Fintrak.Service.Core\Fintrak.Service.Core.csproj", "{1A2EE1AF-DC26-42D2-B1F5-720E63D9D9E4}"
EndProject
Project("{9A19103F-16F7-4668-BE54-9A1E7A4F7556}") = "Fintrak.Service.Core.Interface", "Fintrak.Service.Core.Interface\Fintrak.Service.Core.Interface.csproj", "{CFFB468F-6220-4E34-AA1B-9C5CCF0044DF}"
EndProject
Global
	GlobalSection(SolutionConfigurationPlatforms) = preSolution
		Debug|Any CPU = Debug|Any CPU
		Release|Any CPU = Release|Any CPU
	EndGlobalSection
	GlobalSection(ProjectConfigurationPlatforms) = postSolution
		{F8447202-EAB3-4548-AF2D-A4F5491A5485}.Debug|Any CPU.ActiveCfg = Debug|Any CPU
		{F8447202-EAB3-4548-AF2D-A4F5491A5485}.Debug|Any CPU.Build.0 = Debug|Any CPU
		{F8447202-EAB3-4548-AF2D-A4F5491A5485}.Release|Any CPU.ActiveCfg = Release|Any CPU
		{F8447202-EAB3-4548-AF2D-A4F5491A5485}.Release|Any CPU.Build.0 = Release|Any CPU
		{7D91EEF7-B959-4C7E-B867-5C3B4939FF54}.Debug|Any CPU.ActiveCfg = Debug|Any CPU
		{7D91EEF7-B959-4C7E-B867-5C3B4939FF54}.Debug|Any CPU.Build.0 = Debug|Any CPU
		{7D91EEF7-B959-4C7E-B867-5C3B4939FF54}.Release|Any CPU.ActiveCfg = Release|Any CPU
		{7D91EEF7-B959-4C7E-B867-5C3B4939FF54}.Release|Any CPU.Build.0 = Release|Any CPU
		{1C712381-88E8-4448-B6E0-9260EBF75784}.Debug|Any CPU.ActiveCfg = Debug|Any CPU
		{1C712381-88E8-4448-B6E0-9260EBF75784}.Debug|Any CPU.Build.0 = Debug|Any CPU
		{1C712381-88E8-4448-B6E0-9260EBF75784}.Release|Any CPU.ActiveCfg = Release|Any CPU
		{1C712381-88E8-4448-B6E0-9260EBF75784}.Release|Any CPU.Build.0 = Release|Any CPU
		{E176B387-6471-4A48-A41F-A6D6FC9DE135}.Debug|Any CPU.ActiveCfg = Debug|Any CPU
		{E176B387-6471-4A48-A41F-A6D6FC9DE135}.Debug|Any CPU.Build.0 = Debug|Any CPU
		{E176B387-6471-4A48-A41F-A6D6FC9DE135}.Release|Any CPU.ActiveCfg = Release|Any CPU
		{E176B387-6471-4A48-A41F-A6D6FC9DE135}.Release|Any CPU.Build.0 = Release|Any CPU
		{74EF49A2-67BF-4201-B6DE-A5CA024E8243}.Debug|Any CPU.ActiveCfg = Debug|Any CPU
		{74EF49A2-67BF-4201-B6DE-A5CA024E8243}.Debug|Any CPU.Build.0 = Debug|Any CPU
		{74EF49A2-67BF-4201-B6DE-A5CA024E8243}.Release|Any CPU.ActiveCfg = Release|Any CPU
		{74EF49A2-67BF-4201-B6DE-A5CA024E8243}.Release|Any CPU.Build.0 = Release|Any CPU
		{6FA88587-7DF3-4381-B1D1-447969FE55DF}.Debug|Any CPU.ActiveCfg = Debug|Any CPU
		{6FA88587-7DF3-4381-B1D1-447969FE55DF}.Debug|Any CPU.Build.0 = Debug|Any CPU
		{6FA88587-7DF3-4381-B1D1-447969FE55DF}.Release|Any CPU.ActiveCfg = Release|Any CPU
		{6FA88587-7DF3-4381-B1D1-447969FE55DF}.Release|Any CPU.Build.0 = Release|Any CPU
		{B70A151A-CCF2-463D-86FE-D4ABDE550B41}.Debug|Any CPU.ActiveCfg = Debug|Any CPU
		{B70A151A-CCF2-463D-86FE-D4ABDE550B41}.Debug|Any CPU.Build.0 = Debug|Any CPU
		{B70A151A-CCF2-463D-86FE-D4ABDE550B41}.Release|Any CPU.ActiveCfg = Release|Any CPU
		{B70A151A-CCF2-463D-86FE-D4ABDE550B41}.Release|Any CPU.Build.0 = Release|Any CPU
		{2A98FEA7-89C0-4E2A-9568-FFAEDCF05252}.Debug|Any CPU.ActiveCfg = Debug|Any CPU
		{2A98FEA7-89C0-4E2A-9568-FFAEDCF05252}.Debug|Any CPU.Build.0 = Debug|Any CPU
		{2A98FEA7-89C0-4E2A-9568-FFAEDCF05252}.Release|Any CPU.ActiveCfg = Release|Any CPU
		{2A98FEA7-89C0-4E2A-9568-FFAEDCF05252}.Release|Any CPU.Build.0 = Release|Any CPU
		{7965E81D-EA4F-43C2-8DA4-26B2998196F9}.Debug|Any CPU.ActiveCfg = Debug|Any CPU
		{7965E81D-EA4F-43C2-8DA4-26B2998196F9}.Debug|Any CPU.Build.0 = Debug|Any CPU
		{7965E81D-EA4F-43C2-8DA4-26B2998196F9}.Release|Any CPU.ActiveCfg = Release|Any CPU
		{7965E81D-EA4F-43C2-8DA4-26B2998196F9}.Release|Any CPU.Build.0 = Release|Any CPU
		{79BFE652-C091-411B-BEB2-97919E3AFEE9}.Debug|Any CPU.ActiveCfg = Debug|Any CPU
		{79BFE652-C091-411B-BEB2-97919E3AFEE9}.Debug|Any CPU.Build.0 = Debug|Any CPU
		{79BFE652-C091-411B-BEB2-97919E3AFEE9}.Release|Any CPU.ActiveCfg = Release|Any CPU
		{79BFE652-C091-411B-BEB2-97919E3AFEE9}.Release|Any CPU.Build.0 = Release|Any CPU
		{54BA1374-0478-4DAC-852D-548C04A9872E}.Debug|Any CPU.ActiveCfg = Debug|Any CPU
		{54BA1374-0478-4DAC-852D-548C04A9872E}.Debug|Any CPU.Build.0 = Debug|Any CPU
		{54BA1374-0478-4DAC-852D-548C04A9872E}.Release|Any CPU.ActiveCfg = Release|Any CPU
		{54BA1374-0478-4DAC-852D-548C04A9872E}.Release|Any CPU.Build.0 = Release|Any CPU
		{1A2EE1AF-DC26-42D2-B1F5-720E63D9D9E4}.Debug|Any CPU.ActiveCfg = Debug|Any CPU
		{1A2EE1AF-DC26-42D2-B1F5-720E63D9D9E4}.Debug|Any CPU.Build.0 = Debug|Any CPU
		{1A2EE1AF-DC26-42D2-B1F5-720E63D9D9E4}.Release|Any CPU.ActiveCfg = Release|Any CPU
		{1A2EE1AF-DC26-42D2-B1F5-720E63D9D9E4}.Release|Any CPU.Build.0 = Release|Any CPU
		{CFFB468F-6220-4E34-AA1B-9C5CCF0044DF}.Debug|Any CPU.ActiveCfg = Debug|Any CPU
		{CFFB468F-6220-4E34-AA1B-9C5CCF0044DF}.Debug|Any CPU.Build.0 = Debug|Any CPU
		{CFFB468F-6220-4E34-AA1B-9C5CCF0044DF}.Release|Any CPU.ActiveCfg = Release|Any CPU
		{CFFB468F-6220-4E34-AA1B-9C5CCF0044DF}.Release|Any CPU.Build.0 = Release|Any CPU
	EndGlobalSection
	GlobalSection(SolutionProperties) = preSolution
		HideSolutionNode = FALSE
	EndGlobalSection
	GlobalSection(NestedProjects) = preSolution
		{01F39AFB-DB6C-4C2A-8D41-C6F0B7B47C84} = {A5C08D44-D36C-4A7D-99E1-075610B7A858}
		{77E0E1F0-5834-43F2-81A8-DBF248510A14} = {A5C08D44-D36C-4A7D-99E1-075610B7A858}
		{943C747B-8048-408A-96DC-61EBDAA5C10E} = {A5C08D44-D36C-4A7D-99E1-075610B7A858}
		{D2BDE7F3-B816-4B22-B6D0-77A040A9502F} = {11E7DF84-F569-431D-A71C-4DDC7B1016A5}
		{D5CC5CF6-DE3A-44C2-AF35-B0216EE18DCF} = {11E7DF84-F569-431D-A71C-4DDC7B1016A5}
		{56747B08-13EF-4EF9-99E2-B0BB90BBDB51} = {11E7DF84-F569-431D-A71C-4DDC7B1016A5}
		{061C1957-9DF8-4749-8897-49DE86599A40} = {11E7DF84-F569-431D-A71C-4DDC7B1016A5}
		{FCC81AA1-88DF-4ECC-8EC5-F37B95042951} = {CD094D0D-D7D3-4729-9EFC-6A7EA8BF0304}
		{732100E3-1817-406A-B037-687DA4CC9B78} = {CD094D0D-D7D3-4729-9EFC-6A7EA8BF0304}
		{B0268097-D67D-4BDA-9ED8-B77BF41C1AB2} = {CD094D0D-D7D3-4729-9EFC-6A7EA8BF0304}
		{0D088D66-370B-46AA-B5BA-5B13B0A8FF42} = {CD094D0D-D7D3-4729-9EFC-6A7EA8BF0304}
		{7D91EEF7-B959-4C7E-B867-5C3B4939FF54} = {01B5B89F-60B3-4DE2-B24F-182FDE50E6B4}
		{1C712381-88E8-4448-B6E0-9260EBF75784} = {061C1957-9DF8-4749-8897-49DE86599A40}
		{E176B387-6471-4A48-A41F-A6D6FC9DE135} = {943C747B-8048-408A-96DC-61EBDAA5C10E}
		{74EF49A2-67BF-4201-B6DE-A5CA024E8243} = {0D088D66-370B-46AA-B5BA-5B13B0A8FF42}
		{6FA88587-7DF3-4381-B1D1-447969FE55DF} = {0D088D66-370B-46AA-B5BA-5B13B0A8FF42}
		{B70A151A-CCF2-463D-86FE-D4ABDE550B41} = {943C747B-8048-408A-96DC-61EBDAA5C10E}
		{2A98FEA7-89C0-4E2A-9568-FFAEDCF05252} = {D5CC5CF6-DE3A-44C2-AF35-B0216EE18DCF}
		{7965E81D-EA4F-43C2-8DA4-26B2998196F9} = {77E0E1F0-5834-43F2-81A8-DBF248510A14}
		{79BFE652-C091-411B-BEB2-97919E3AFEE9} = {01B5B89F-60B3-4DE2-B24F-182FDE50E6B4}
		{54BA1374-0478-4DAC-852D-548C04A9872E} = {77E0E1F0-5834-43F2-81A8-DBF248510A14}
		{1A2EE1AF-DC26-42D2-B1F5-720E63D9D9E4} = {732100E3-1817-406A-B037-687DA4CC9B78}
		{CFFB468F-6220-4E34-AA1B-9C5CCF0044DF} = {732100E3-1817-406A-B037-687DA4CC9B78}
	EndGlobalSection
	GlobalSection(ExtensibilityGlobals) = postSolution
		SolutionGuid = {60A2BED2-ACC5-4971-982D-B9D6B639186A}
	EndGlobalSection
EndGlobal
